
Microsoft Visual Studio Solution File, Format Version 12.00
# Visual Studio 15
VisualStudioVersion = 15.0.28307.168
MinimumVisualStudioVersion = 10.0.40219.1
Project("{888888A0-9F3D-457C-B088-3A5042F75D52}") = "MichaelCottrellPA6", "MichaelCottrellPA6\MichaelCottrellPA6.pyproj", "{86AC9732-71B5-4784-B140-05F8256E0DD3}"
EndProject
Global
	GlobalSection(SolutionConfigurationPlatforms) = preSolution
		Debug|Any CPU = Debug|Any CPU
		Release|Any CPU = Release|Any CPU
	EndGlobalSection
	GlobalSection(ProjectConfigurationPlatforms) = postSolution
		{86AC9732-71B5-4784-B140-05F8256E0DD3}.Debug|Any CPU.ActiveCfg = Debug|Any CPU
		{86AC9732-71B5-4784-B140-05F8256E0DD3}.Release|Any CPU.ActiveCfg = Release|Any CPU
	EndGlobalSection
	GlobalSection(SolutionProperties) = preSolution
		HideSolutionNode = FALSE
	EndGlobalSection
	GlobalSection(ExtensibilityGlobals) = postSolution
		SolutionGuid = {9A7D9801-3D16-4DF4-81A7-55AA9E2E91AA}
	EndGlobalSection
EndGlobal
