
Microsoft Visual Studio Solution File, Format Version 12.00
# Visual Studio 15
VisualStudioVersion = 15.0.28307.438
MinimumVisualStudioVersion = 10.0.40219.1
Project("{888888A0-9F3D-457C-B088-3A5042F75D52}") = "MichaelCottrellPa5", "MichaelCottrellPa5\MichaelCottrellPa5.pyproj", "{3B9A6B43-8C15-431E-940D-3217E72E13D4}"
EndProject
Global
	GlobalSection(SolutionConfigurationPlatforms) = preSolution
		Debug|Any CPU = Debug|Any CPU
		Release|Any CPU = Release|Any CPU
	EndGlobalSection
	GlobalSection(ProjectConfigurationPlatforms) = postSolution
		{3B9A6B43-8C15-431E-940D-3217E72E13D4}.Debug|Any CPU.ActiveCfg = Debug|Any CPU
		{3B9A6B43-8C15-431E-940D-3217E72E13D4}.Release|Any CPU.ActiveCfg = Release|Any CPU
	EndGlobalSection
	GlobalSection(SolutionProperties) = preSolution
		HideSolutionNode = FALSE
	EndGlobalSection
	GlobalSection(ExtensibilityGlobals) = postSolution
		SolutionGuid = {794C9837-182C-4986-9602-C0C59CC91D04}
	EndGlobalSection
EndGlobal
