
Microsoft Visual Studio Solution File, Format Version 12.00
# Visual Studio 15
VisualStudioVersion = 15.0.28307.168
MinimumVisualStudioVersion = 10.0.40219.1
Project("{888888A0-9F3D-457C-B088-3A5042F75D52}") = "MCottrellPA2", "MCottrellPA2\MCottrellPA2.pyproj", "{11FE8348-5BAA-4F52-A54A-CC4429F7F03C}"
EndProject
Global
	GlobalSection(SolutionConfigurationPlatforms) = preSolution
		Debug|Any CPU = Debug|Any CPU
		Release|Any CPU = Release|Any CPU
	EndGlobalSection
	GlobalSection(ProjectConfigurationPlatforms) = postSolution
		{11FE8348-5BAA-4F52-A54A-CC4429F7F03C}.Debug|Any CPU.ActiveCfg = Debug|Any CPU
		{11FE8348-5BAA-4F52-A54A-CC4429F7F03C}.Release|Any CPU.ActiveCfg = Release|Any CPU
	EndGlobalSection
	GlobalSection(SolutionProperties) = preSolution
		HideSolutionNode = FALSE
	EndGlobalSection
	GlobalSection(ExtensibilityGlobals) = postSolution
		SolutionGuid = {EFE141BA-BEA8-4C18-A426-927768EFE0BA}
	EndGlobalSection
EndGlobal
