
Microsoft Visual Studio Solution File, Format Version 12.00
# Visual Studio 15
VisualStudioVersion = 15.0.28307.168
MinimumVisualStudioVersion = 10.0.40219.1
Project("{888888A0-9F3D-457C-B088-3A5042F75D52}") = "MichaelCottrellPA4", "MichaelCottrellPA4\MichaelCottrellPA4.pyproj", "{0BB530C9-682C-412D-8EA7-6EE8E9DBB986}"
EndProject
Global
	GlobalSection(SolutionConfigurationPlatforms) = preSolution
		Debug|Any CPU = Debug|Any CPU
		Release|Any CPU = Release|Any CPU
	EndGlobalSection
	GlobalSection(ProjectConfigurationPlatforms) = postSolution
		{0BB530C9-682C-412D-8EA7-6EE8E9DBB986}.Debug|Any CPU.ActiveCfg = Debug|Any CPU
		{0BB530C9-682C-412D-8EA7-6EE8E9DBB986}.Release|Any CPU.ActiveCfg = Release|Any CPU
	EndGlobalSection
	GlobalSection(SolutionProperties) = preSolution
		HideSolutionNode = FALSE
	EndGlobalSection
	GlobalSection(ExtensibilityGlobals) = postSolution
		SolutionGuid = {F81C0C3F-1ADF-4270-8994-9ABCEBE41A3D}
	EndGlobalSection
EndGlobal
